
Microsoft Visual Studio Solution File, Format Version 12.00
# Visual Studio Version 16
VisualStudioVersion = 16.0.29920.165
MinimumVisualStudioVersion = 10.0.40219.1
Project("{FAE04EC0-301F-11D3-BF4B-00C04F79EFBC}") = "Actividad 1 FCFS", "Actividad 1 FCFS.csproj", "{705B05BE-D653-4DBF-BCF9-78E49984235E}"
EndProject
Global
	GlobalSection(SolutionConfigurationPlatforms) = preSolution
		Debug|Any CPU = Debug|Any CPU
		Release|Any CPU = Release|Any CPU
	EndGlobalSection
	GlobalSection(ProjectConfigurationPlatforms) = postSolution
		{705B05BE-D653-4DBF-BCF9-78E49984235E}.Debug|Any CPU.ActiveCfg = Debug|Any CPU
		{705B05BE-D653-4DBF-BCF9-78E49984235E}.Debug|Any CPU.Build.0 = Debug|Any CPU
		{705B05BE-D653-4DBF-BCF9-78E49984235E}.Release|Any CPU.ActiveCfg = Release|Any CPU
		{705B05BE-D653-4DBF-BCF9-78E49984235E}.Release|Any CPU.Build.0 = Release|Any CPU
	EndGlobalSection
	GlobalSection(SolutionProperties) = preSolution
		HideSolutionNode = FALSE
	EndGlobalSection
	GlobalSection(ExtensibilityGlobals) = postSolution
		SolutionGuid = {96C3E222-25B4-4B12-97EF-D1909C4B20CB}
	EndGlobalSection
EndGlobal
